{
  "name": "notik-workspace",
  "version": "1.0.0",
  "lockfileVersion": 3,
  "requires": true,
  "packages": {
    "": {
      "name": "notik-workspace",
      "version": "1.0.0",
      "license": "MIT",
      "dependencies": {
        "yup": "^1.7.0"
      },
      "engines": {
        "node": ">=18.0.0",
        "npm": ">=8.0.0"
      }
    },
    "app": {
      "name": "notik-app",
      "version": "1.0.0",
      "extraneous": true,
      "dependencies": {
        "@expo/vector-icons": "^14.1.0",
        "@react-native-async-storage/async-storage": "^2.2.0",
        "@react-navigation/bottom-tabs": "^7.3.10",
        "@react-navigation/elements": "^2.3.8",
        "@react-navigation/native": "^7.1.6",
        "expo": "~53.0.20",
        "expo-blur": "~14.1.5",
        "expo-constants": "~17.1.7",
        "expo-font": "~13.3.2",
        "expo-haptics": "~14.1.4",
        "expo-image": "~2.4.0",
        "expo-linking": "~7.1.7",
        "expo-router": "~5.1.4",
        "expo-splash-screen": "~0.30.10",
        "expo-status-bar": "~2.2.3",
        "expo-symbols": "~0.4.5",
        "expo-system-ui": "~5.0.10",
        "expo-web-browser": "~14.2.0",
        "react": "19.0.0",
        "react-dom": "19.0.0",
        "react-native": "0.79.5",
        "react-native-gesture-handler": "~2.24.0",
        "react-native-reanimated": "~3.17.4",
        "react-native-safe-area-context": "5.4.0",
        "react-native-screens": "~4.11.1",
        "react-native-web": "~0.20.0",
        "react-native-webview": "13.13.5"
      },
      "devDependencies": {
        "@babel/core": "^7.25.2",
        "@tailwindcss/postcss": "^4.1.12",
        "@types/react": "~19.0.10",
        "autoprefixer": "^10.4.21",
        "eslint": "^9.25.0",
        "eslint-config-expo": "~9.2.0",
        "postcss": "^8.5.6",
        "tailwindcss": "^4.1.12",
        "typescript": "~5.8.3"
      }
    },
    "node_modules/property-expr": {
      "version": "2.0.6",
      "resolved": "https://registry.npmjs.org/property-expr/-/property-expr-2.0.6.tgz",
      "integrity": "sha512-SVtmxhRE/CGkn3eZY1T6pC8Nln6Fr/lu1mKSgRud0eC73whjGfoAogbn78LkD8aFL0zz3bAFerKSnOl7NlErBA==",
      "license": "MIT"
    },
    "node_modules/tiny-case": {
      "version": "1.0.3",
      "resolved": "https://registry.npmjs.org/tiny-case/-/tiny-case-1.0.3.tgz",
      "integrity": "sha512-Eet/eeMhkO6TX8mnUteS9zgPbUMQa4I6Kkp5ORiBD5476/m+PIRiumP5tmh5ioJpH7k51Kehawy2UDfsnxxY8Q==",
      "license": "MIT"
    },
    "node_modules/toposort": {
      "version": "2.0.2",
      "resolved": "https://registry.npmjs.org/toposort/-/toposort-2.0.2.tgz",
      "integrity": "sha512-0a5EOkAUp8D4moMi2W8ZF8jcga7BgZd91O/yabJCFY8az+XSzeGyTKs0Aoo897iV1Nj6guFq8orWDS96z91oGg==",
      "license": "MIT"
    },
    "node_modules/yup": {
      "version": "1.7.0",
      "resolved": "https://registry.npmjs.org/yup/-/yup-1.7.0.tgz",
      "integrity": "sha512-VJce62dBd+JQvoc+fCVq+KZfPHr+hXaxCcVgotfwWvlR0Ja3ffYKaJBT8rptPOSKOGJDCUnW2C2JWpud7aRP6Q==",
      "license": "MIT",
      "dependencies": {
        "property-expr": "^2.0.5",
        "tiny-case": "^1.0.3",
        "toposort": "^2.0.2",
        "type-fest": "^2.19.0"
      }
    },
    "node_modules/yup/node_modules/type-fest": {
      "version": "2.19.0",
      "resolved": "https://registry.npmjs.org/type-fest/-/type-fest-2.19.0.tgz",
      "integrity": "sha512-RAH822pAdBgcNMAfWnCBU3CFZcfZ/i1eZjwFU/dsLKumyuuP3niueg2UAukXYF0E2AAoc82ZSSf9J0WQBinzHA==",
      "license": "(MIT OR CC0-1.0)",
      "engines": {
        "node": ">=12.20"
      },
      "funding": {
        "url": "https://github.com/sponsors/sindresorhus"
      }
    },
    "server": {
      "name": "notik-server",
      "version": "0.1.0",
      "extraneous": true,
      "dependencies": {
        "@strapi/plugin-cloud": "5.22.0",
        "@strapi/plugin-users-permissions": "5.22.0",
        "@strapi/strapi": "5.22.0",
        "better-sqlite3": "11.3.0",
        "fs-extra": "^10.0.0",
        "mime-types": "^2.1.27",
        "react": "^18.0.0",
        "react-dom": "^18.0.0",
        "react-router-dom": "^6.0.0",
        "styled-components": "^6.0.0"
      },
      "devDependencies": {
        "@types/node": "^20",
        "@types/react": "^18",
        "@types/react-dom": "^18",
        "typescript": "^5"
      },
      "engines": {
        "node": ">=18.0.0 <=22.x.x",
        "npm": ">=6.0.0"
      }
    }
  }
}
